
Microsoft Visual Studio Solution File, Format Version 12.00
# Visual Studio Version 16
VisualStudioVersion = 16.0.30002.166
MinimumVisualStudioVersion = 10.0.40219.1
Project("{FAE04EC0-301F-11D3-BF4B-00C04F79EFBC}") = "Tp1_Altamirano", "Tp1_Altamirano\Tp1_Altamirano.csproj", "{15569D61-D857-4E1E-8B1B-E8D1A51F51F1}"
EndProject
Global
	GlobalSection(SolutionConfigurationPlatforms) = preSolution
		Debug|Any CPU = Debug|Any CPU
		Release|Any CPU = Release|Any CPU
	EndGlobalSection
	GlobalSection(ProjectConfigurationPlatforms) = postSolution
		{15569D61-D857-4E1E-8B1B-E8D1A51F51F1}.Debug|Any CPU.ActiveCfg = Debug|Any CPU
		{15569D61-D857-4E1E-8B1B-E8D1A51F51F1}.Debug|Any CPU.Build.0 = Debug|Any CPU
		{15569D61-D857-4E1E-8B1B-E8D1A51F51F1}.Release|Any CPU.ActiveCfg = Release|Any CPU
		{15569D61-D857-4E1E-8B1B-E8D1A51F51F1}.Release|Any CPU.Build.0 = Release|Any CPU
	EndGlobalSection
	GlobalSection(SolutionProperties) = preSolution
		HideSolutionNode = FALSE
	EndGlobalSection
	GlobalSection(ExtensibilityGlobals) = postSolution
		SolutionGuid = {CB3A3640-F937-4B68-BAFE-E0CEE806667B}
	EndGlobalSection
EndGlobal
